<Solution>
  <Folder Name="/src/">
    <Project Path="src/WowEmu.AuthServer/WowEmu.AuthServer.csproj" />
    <Project Path="src/WowEmu.Core/WowEmu.Core.csproj" />
    <Project Path="src/WowEmu.Data.Client/WowEmu.Data.Client.csproj" />
    <Project Path="src/WowEmu.Game/WowEmu.Game.csproj" />
    <Project Path="src/WowEmu.Data.Db/WowEmu.Data.Db.csproj" />
    <Project Path="src/WowEmu.Network/WowEmu.Network.csproj" />
    <Project Path="src/WowEmu.WorldServer/WowEmu.WorldServer.csproj" />
    <Project Path="src/WowEmu.Cryptography/WowEmu.Cryptography.csproj" />
    <Project Path="src/WowEmu.Protocol/WowEmu.Protocol.csproj" />
  </Folder>
  <Folder Name="/tools/">
    <Project Path="tools/WowEmu.AccountCli/WowEmu.AccountCli.csproj" />
  </Folder>
  <Folder Name="/tests/">
    <Project Path="tests/WowEmu.Tests.Unit/WowEmu.Tests.Unit.csproj" />
  </Folder>
</Solution>
